
Microsoft Visual Studio Solution File, Format Version 12.00
# Visual Studio Version 16
VisualStudioVersion = 16.0.32002.261
MinimumVisualStudioVersion = 10.0.40219.1
Project("{FAE04EC0-301F-11D3-BF4B-00C04F79EFBC}") = "Lab402", "Lab402\Lab402.csproj", "{8E68F580-E506-4FD6-8ED0-65B429FF9767}"
EndProject
Global
	GlobalSection(SolutionConfigurationPlatforms) = preSolution
		Debug|Any CPU = Debug|Any CPU
		Release|Any CPU = Release|Any CPU
	EndGlobalSection
	GlobalSection(ProjectConfigurationPlatforms) = postSolution
		{8E68F580-E506-4FD6-8ED0-65B429FF9767}.Debug|Any CPU.ActiveCfg = Debug|Any CPU
		{8E68F580-E506-4FD6-8ED0-65B429FF9767}.Debug|Any CPU.Build.0 = Debug|Any CPU
		{8E68F580-E506-4FD6-8ED0-65B429FF9767}.Release|Any CPU.ActiveCfg = Release|Any CPU
		{8E68F580-E506-4FD6-8ED0-65B429FF9767}.Release|Any CPU.Build.0 = Release|Any CPU
	EndGlobalSection
	GlobalSection(SolutionProperties) = preSolution
		HideSolutionNode = FALSE
	EndGlobalSection
	GlobalSection(ExtensibilityGlobals) = postSolution
		SolutionGuid = {9101F384-C447-43FE-A66B-56E7560ADB96}
	EndGlobalSection
EndGlobal
