
Microsoft Visual Studio Solution File, Format Version 12.00
# Visual Studio Version 16
VisualStudioVersion = 16.0.32428.217
MinimumVisualStudioVersion = 10.0.40219.1
Project("{FAE04EC0-301F-11D3-BF4B-00C04F79EFBC}") = "fisrtWebApi", "fisrtWebApi\fisrtWebApi.csproj", "{BBE6D7B5-BA35-405B-A3C2-BAFE1A4992F7}"
EndProject
Global
	GlobalSection(SolutionConfigurationPlatforms) = preSolution
		Debug|Any CPU = Debug|Any CPU
		Release|Any CPU = Release|Any CPU
	EndGlobalSection
	GlobalSection(ProjectConfigurationPlatforms) = postSolution
		{BBE6D7B5-BA35-405B-A3C2-BAFE1A4992F7}.Debug|Any CPU.ActiveCfg = Debug|Any CPU
		{BBE6D7B5-BA35-405B-A3C2-BAFE1A4992F7}.Debug|Any CPU.Build.0 = Debug|Any CPU
		{BBE6D7B5-BA35-405B-A3C2-BAFE1A4992F7}.Release|Any CPU.ActiveCfg = Release|Any CPU
		{BBE6D7B5-BA35-405B-A3C2-BAFE1A4992F7}.Release|Any CPU.Build.0 = Release|Any CPU
	EndGlobalSection
	GlobalSection(SolutionProperties) = preSolution
		HideSolutionNode = FALSE
	EndGlobalSection
	GlobalSection(ExtensibilityGlobals) = postSolution
		SolutionGuid = {86EA77BF-7551-4A58-BA7A-B245426EEBE4}
	EndGlobalSection
EndGlobal
