
Microsoft Visual Studio Solution File, Format Version 12.00
# Visual Studio Version 16
VisualStudioVersion = 16.0.32002.261
MinimumVisualStudioVersion = 10.0.40219.1
Project("{FAE04EC0-301F-11D3-BF4B-00C04F79EFBC}") = "TestBaoVe01", "TestBaoVe01\TestBaoVe01.csproj", "{CBC025AD-E699-490F-9533-74C82B27F41A}"
EndProject
Global
	GlobalSection(SolutionConfigurationPlatforms) = preSolution
		Debug|Any CPU = Debug|Any CPU
		Release|Any CPU = Release|Any CPU
	EndGlobalSection
	GlobalSection(ProjectConfigurationPlatforms) = postSolution
		{CBC025AD-E699-490F-9533-74C82B27F41A}.Debug|Any CPU.ActiveCfg = Debug|Any CPU
		{CBC025AD-E699-490F-9533-74C82B27F41A}.Debug|Any CPU.Build.0 = Debug|Any CPU
		{CBC025AD-E699-490F-9533-74C82B27F41A}.Release|Any CPU.ActiveCfg = Release|Any CPU
		{CBC025AD-E699-490F-9533-74C82B27F41A}.Release|Any CPU.Build.0 = Release|Any CPU
	EndGlobalSection
	GlobalSection(SolutionProperties) = preSolution
		HideSolutionNode = FALSE
	EndGlobalSection
	GlobalSection(ExtensibilityGlobals) = postSolution
		SolutionGuid = {9A408D85-0B4E-4005-9070-8EF66E5E7801}
	EndGlobalSection
EndGlobal
