
Microsoft Visual Studio Solution File, Format Version 12.00
# Visual Studio Version 16
VisualStudioVersion = 16.0.31424.327
MinimumVisualStudioVersion = 10.0.40219.1
Project("{FAE04EC0-301F-11D3-BF4B-00C04F79EFBC}") = "slide1", "slide1\slide1.csproj", "{AB0F22AC-2774-4137-A96E-BD32CD1CA7F1}"
EndProject
Global
	GlobalSection(SolutionConfigurationPlatforms) = preSolution
		Debug|Any CPU = Debug|Any CPU
		Release|Any CPU = Release|Any CPU
	EndGlobalSection
	GlobalSection(ProjectConfigurationPlatforms) = postSolution
		{AB0F22AC-2774-4137-A96E-BD32CD1CA7F1}.Debug|Any CPU.ActiveCfg = Debug|Any CPU
		{AB0F22AC-2774-4137-A96E-BD32CD1CA7F1}.Debug|Any CPU.Build.0 = Debug|Any CPU
		{AB0F22AC-2774-4137-A96E-BD32CD1CA7F1}.Release|Any CPU.ActiveCfg = Release|Any CPU
		{AB0F22AC-2774-4137-A96E-BD32CD1CA7F1}.Release|Any CPU.Build.0 = Release|Any CPU
	EndGlobalSection
	GlobalSection(SolutionProperties) = preSolution
		HideSolutionNode = FALSE
	EndGlobalSection
	GlobalSection(ExtensibilityGlobals) = postSolution
		SolutionGuid = {8D3B9F81-0DC7-489B-82A5-F627E5DC31BE}
	EndGlobalSection
EndGlobal
