
Microsoft Visual Studio Solution File, Format Version 12.00
# Visual Studio Version 16
VisualStudioVersion = 16.0.31424.327
MinimumVisualStudioVersion = 10.0.40219.1
Project("{FAE04EC0-301F-11D3-BF4B-00C04F79EFBC}") = "ps18441", "PS18441-PTH-thibaove\ps18441.csproj", "{FC5D4A3E-3463-4F3C-BEB8-65425E3DBF49}"
EndProject
Global
	GlobalSection(SolutionConfigurationPlatforms) = preSolution
		Debug|Any CPU = Debug|Any CPU
		Release|Any CPU = Release|Any CPU
	EndGlobalSection
	GlobalSection(ProjectConfigurationPlatforms) = postSolution
		{FC5D4A3E-3463-4F3C-BEB8-65425E3DBF49}.Debug|Any CPU.ActiveCfg = Debug|Any CPU
		{FC5D4A3E-3463-4F3C-BEB8-65425E3DBF49}.Debug|Any CPU.Build.0 = Debug|Any CPU
		{FC5D4A3E-3463-4F3C-BEB8-65425E3DBF49}.Release|Any CPU.ActiveCfg = Release|Any CPU
		{FC5D4A3E-3463-4F3C-BEB8-65425E3DBF49}.Release|Any CPU.Build.0 = Release|Any CPU
	EndGlobalSection
	GlobalSection(SolutionProperties) = preSolution
		HideSolutionNode = FALSE
	EndGlobalSection
	GlobalSection(ExtensibilityGlobals) = postSolution
		SolutionGuid = {FA29A024-D2A9-4C08-AEE7-82DA4022A2CA}
	EndGlobalSection
EndGlobal
